<?xml version="1.0" encoding="utf-8"?>
<Project ToolsVersion="4.0" xmlns="http://schemas.microsoft.com/developer/msbuild/2003">
  <ItemGroup>
    <Filter Include="Source Files">
      <UniqueIdentifier>{4FC737F1-C7A5-4376-A066-2A32D752A2FF}</UniqueIdentifier>
      <Extensions>cpp;c;cc;cxx;def;odl;idl;hpj;bat;asm;asmx</Extensions>
    </Filter>
    <Filter Include="Header Files">
      <UniqueIdentifier>{93995380-89BD-4b04-88EB-625FBE52EBFB}</UniqueIdentifier>
      <Extensions>h;hh;hpp;hxx;hm;inl;inc;xsd</Extensions>
    </Filter>
    <Filter Include="Resource Files">
      <UniqueIdentifier>{67DA6AB6-F800-4c08-8B7A-83BB121AAD01}</UniqueIdentifier>
      <Extensions>rc;ico;cur;bmp;dlg;rc2;rct;bin;rgs;gif;jpg;jpeg;jpe;resx;tiff;tif;png;wav;mfcribbon-ms</Extensions>
    </Filter>
    <Filter Include="GAPI_render">
      <UniqueIdentifier>{59ddb5b9-36f2-458f-846a-d1e3d7c09bec}</UniqueIdentifier>
    </Filter>
    <Filter Include="TaksiInput">
      <UniqueIdentifier>{1658c872-8145-4850-a270-5ce306aed8b2}</UniqueIdentifier>
    </Filter>
  </ItemGroup>
  <ItemGroup>
    <ClInclude Include="stdafx.h">
      <Filter>Header Files</Filter>
    </ClInclude>
    <ClInclude Include="targetver.h">
      <Filter>Header Files</Filter>
    </ClInclude>
    <ClInclude Include="AnvilRendering.h">
      <Filter>Header Files</Filter>
    </ClInclude>
    <ClInclude Include="GAPI_render\GAPI_dx9_render.h">
      <Filter>GAPI_render</Filter>
    </ClInclude>
    <ClInclude Include="GAPI_render\GAPI_dx10_render.h">
      <Filter>GAPI_render</Filter>
    </ClInclude>
    <ClInclude Include="GAPI_render\GAPI_dx11_render.h">
      <Filter>GAPI_render</Filter>
    </ClInclude>
    <ClInclude Include="GAPI_render\GAPI_ogl_render.h">
      <Filter>GAPI_render</Filter>
    </ClInclude>
    <ClInclude Include="GAPI_render\NewIndicator.h">
      <Filter>GAPI_render</Filter>
    </ClInclude>
    <ClInclude Include="GAPI_render\GAPI_dxgi.h">
      <Filter>GAPI_render</Filter>
    </ClInclude>
    <ClInclude Include="GAPI_render\glext.h">
      <Filter>GAPI_render</Filter>
    </ClInclude>
    <ClInclude Include="GAPI_render\CRefPtr.h">
      <Filter>GAPI_render</Filter>
    </ClInclude>
    <ClInclude Include="GAPI_render\IRefPtr.h">
      <Filter>GAPI_render</Filter>
    </ClInclude>
    <ClInclude Include="GAPI_render\resource.h">
      <Filter>GAPI_render</Filter>
    </ClInclude>
    <ClInclude Include="GAPI_render\CDll.h">
      <Filter>GAPI_render</Filter>
    </ClInclude>
    <ClInclude Include="GAPI_render\CImageGDIP.h">
      <Filter>GAPI_render</Filter>
    </ClInclude>
    <ClInclude Include="TaksiInput\HotKeys.h">
      <Filter>TaksiInput</Filter>
    </ClInclude>
    <ClInclude Include="TaksiInput\InputHooks.h">
      <Filter>TaksiInput</Filter>
    </ClInclude>
    <ClInclude Include="TaksiInput\KeyboardInput.h">
      <Filter>TaksiInput</Filter>
    </ClInclude>
    <ClInclude Include="TaksiInput\TaksiInput.h">
      <Filter>TaksiInput</Filter>
    </ClInclude>
    <ClInclude Include="TaksiInput\CHookJump.h">
      <Filter>TaksiInput</Filter>
    </ClInclude>
    <ClInclude Include="TaksiInput\MouseInput.h">
      <Filter>TaksiInput</Filter>
    </ClInclude>
    <ClInclude Include="GAPI_render\TextureBufferingHelper.hpp">
      <Filter>GAPI_render</Filter>
    </ClInclude>
  </ItemGroup>
  <ItemGroup>
    <ClCompile Include="stdafx.cpp">
      <Filter>Source Files</Filter>
    </ClCompile>
    <ClCompile Include="AnvilRendering.cpp">
      <Filter>Source Files</Filter>
    </ClCompile>
    <ClCompile Include="dllmain.cpp">
      <Filter>Source Files</Filter>
    </ClCompile>
    <ClCompile Include="GAPI_render\GAPI_dx9_render.cpp">
      <Filter>GAPI_render</Filter>
    </ClCompile>
    <ClCompile Include="GAPI_render\GAPI_dx10_render.cpp">
      <Filter>GAPI_render</Filter>
    </ClCompile>
    <ClCompile Include="GAPI_render\GAPI_dx11_render.cpp">
      <Filter>GAPI_render</Filter>
    </ClCompile>
    <ClCompile Include="GAPI_render\GAPI_ogl_render.cpp">
      <Filter>GAPI_render</Filter>
    </ClCompile>
    <ClCompile Include="GAPI_render\NewIndicator.cpp">
      <Filter>GAPI_render</Filter>
    </ClCompile>
    <ClCompile Include="Input.cpp">
      <Filter>Source Files</Filter>
    </ClCompile>
    <ClCompile Include="TaksiInput\HotKeys.cpp">
      <Filter>TaksiInput</Filter>
    </ClCompile>
    <ClCompile Include="TaksiInput\InputHooks.cpp">
      <Filter>TaksiInput</Filter>
    </ClCompile>
    <ClCompile Include="TaksiInput\KeyboardInput.cpp">
      <Filter>TaksiInput</Filter>
    </ClCompile>
    <ClCompile Include="TaksiInput\CHookJump.cpp">
      <Filter>TaksiInput</Filter>
    </ClCompile>
    <ClCompile Include="TaksiInput\MouseInput.cpp">
      <Filter>TaksiInput</Filter>
    </ClCompile>
  </ItemGroup>
  <ItemGroup>
    <Image Include="GAPI_render\res\indicator_bookmark.png">
      <Filter>Resource Files</Filter>
    </Image>
    <Image Include="GAPI_render\res\indicator_capturing.png">
      <Filter>Resource Files</Filter>
    </Image>
    <Image Include="GAPI_render\res\indicator_enabled.png">
      <Filter>Resource Files</Filter>
    </Image>
    <Image Include="GAPI_render\res\indicator_enabled_hotkeys.png">
      <Filter>Resource Files</Filter>
    </Image>
    <Image Include="GAPI_render\res\mic_active_w_indicator.png">
      <Filter>Resource Files</Filter>
    </Image>
    <Image Include="GAPI_render\res\mic_idle_w_indicator.png">
      <Filter>Resource Files</Filter>
    </Image>
    <Image Include="GAPI_render\res\mic_mute_w_indicator.png">
      <Filter>Resource Files</Filter>
    </Image>
    <Image Include="GAPI_render\res\indicator_cache_limit.png">
      <Filter>Resource Files</Filter>
    </Image>
    <Image Include="GAPI_render\res\indicator_uploading.png">
      <Filter>Resource Files</Filter>
    </Image>
    <Image Include="GAPI_render\res\indicator_uploaded.png">
      <Filter>Resource Files</Filter>
    </Image>
    <Image Include="GAPI_render\res\indicator_stream_ended.png">
      <Filter>Resource Files</Filter>
    </Image>
    <Image Include="GAPI_render\res\indicator_stream_started.png">
      <Filter>Resource Files</Filter>
    </Image>
    <Image Include="GAPI_render\res\indicator_streaming.png">
      <Filter>Resource Files</Filter>
    </Image>
    <Image Include="GAPI_render\res\indicator_streaming_mic_active.png">
      <Filter>Resource Files</Filter>
    </Image>
    <Image Include="GAPI_render\res\indicator_streaming_mic_idle.png">
      <Filter>Resource Files</Filter>
    </Image>
    <Image Include="GAPI_render\res\indicator_streaming_mic_mute.png">
      <Filter>Resource Files</Filter>
    </Image>
    <Image Include="GAPI_render\res\indicator_color_bar.png">
      <Filter>Resource Files</Filter>
    </Image>
    <Image Include="GAPI_render\res\mic_icon.png">
      <Filter>Resource Files</Filter>
    </Image>
    <Image Include="GAPI_render\res\mic_icon_idle.png">
      <Filter>Resource Files</Filter>
    </Image>
    <Image Include="GAPI_render\res\mic_icon_muted.png">
      <Filter>Resource Files</Filter>
    </Image>
    <Image Include="GAPI_render\res\bookmark_icon.png">
      <Filter>Resource Files</Filter>
    </Image>
    <Image Include="GAPI_render\res\live_icon.png">
      <Filter>Resource Files</Filter>
    </Image>
    <Image Include="GAPI_render\res\icon_checkmark.png">
      <Filter>Resource Files</Filter>
    </Image>
    <Image Include="GAPI_render\res\indicator_color_bar_error.png">
      <Filter>Resource Files</Filter>
    </Image>
    <Image Include="GAPI_render\res\forge_indicator_icon.png">
      <Filter>Resource Files</Filter>
    </Image>
    <Image Include="GAPI_render\res\mic_shortcut_icon.png">
      <Filter>Resource Files</Filter>
    </Image>
    <Image Include="GAPI_render\res\replay_icon.png">
      <Filter>Resource Files</Filter>
    </Image>
    <Image Include="GAPI_render\res\screenshot_icon.png">
      <Filter>Resource Files</Filter>
    </Image>
    <Image Include="GAPI_render\res\empty_icon.png">
      <Filter>Resource Files</Filter>
    </Image>
    <Image Include="GAPI_render\res\quick_clip_icon.png">
      <Filter>Resource Files</Filter>
    </Image>
    <Image Include="GAPI_render\res\mic_icon_disconnected.png">
      <Filter>Resource Files</Filter>
    </Image>
  </ItemGroup>
  <ItemGroup>
    <ResourceCompile Include="GAPI_render\Anvil.rc">
      <Filter>Resource Files</Filter>
    </ResourceCompile>
  </ItemGroup>
  <ItemGroup>
    <None Include="cursors\aliasb.cur">
      <Filter>Resource Files</Filter>
    </None>
    <None Include="cursors\cell.cur">
      <Filter>Resource Files</Filter>
    </None>
    <None Include="cursors\col_resize.cur">
      <Filter>Resource Files</Filter>
    </None>
    <None Include="cursors\copy.cur">
      <Filter>Resource Files</Filter>
    </None>
    <None Include="cursors\hand_grab.cur">
      <Filter>Resource Files</Filter>
    </None>
    <None Include="cursors\hand_grabbing.cur">
      <Filter>Resource Files</Filter>
    </None>
    <None Include="cursors\pan_east.cur">
      <Filter>Resource Files</Filter>
    </None>
    <None Include="cursors\pan_middle.cur">
      <Filter>Resource Files</Filter>
    </None>
    <None Include="cursors\pan_north.cur">
      <Filter>Resource Files</Filter>
    </None>
    <None Include="cursors\pan_north_east.cur">
      <Filter>Resource Files</Filter>
    </None>
    <None Include="cursors\pan_north_west.cur">
      <Filter>Resource Files</Filter>
    </None>
    <None Include="cursors\pan_south.cur">
      <Filter>Resource Files</Filter>
    </None>
    <None Include="cursors\pan_south_east.cur">
      <Filter>Resource Files</Filter>
    </None>
    <None Include="cursors\pan_south_west.cur">
      <Filter>Resource Files</Filter>
    </None>
    <None Include="cursors\pan_west.cur">
      <Filter>Resource Files</Filter>
    </None>
    <None Include="cursors\row_resize.cur">
      <Filter>Resource Files</Filter>
    </None>
    <None Include="cursors\vertical_text.cur">
      <Filter>Resource Files</Filter>
    </None>
    <None Include="cursors\zoom_in.cur">
      <Filter>Resource Files</Filter>
    </None>
    <None Include="cursors\zoom_out.cur">
      <Filter>Resource Files</Filter>
    </None>
    <None Include="cursors\none.cur">
      <Filter>Resource Files</Filter>
    </None>
    <None Include="AnvilRendering\cursors\aliasb.cur">
      <Filter>Resource Files</Filter>
    </None>
    <None Include="AnvilRendering\cursors\cell.cur">
      <Filter>Resource Files</Filter>
    </None>
    <None Include="AnvilRendering\cursors\col_resize.cur">
      <Filter>Resource Files</Filter>
    </None>
    <None Include="AnvilRendering\cursors\copy.cur">
      <Filter>Resource Files</Filter>
    </None>
    <None Include="AnvilRendering\cursors\hand_grab.cur">
      <Filter>Resource Files</Filter>
    </None>
    <None Include="AnvilRendering\cursors\hand_grabbing.cur">
      <Filter>Resource Files</Filter>
    </None>
    <None Include="AnvilRendering\cursors\pan_east.cur">
      <Filter>Resource Files</Filter>
    </None>
    <None Include="AnvilRendering\cursors\pan_middle.cur">
      <Filter>Resource Files</Filter>
    </None>
    <None Include="AnvilRendering\cursors\pan_north.cur">
      <Filter>Resource Files</Filter>
    </None>
    <None Include="AnvilRendering\cursors\pan_north_east.cur">
      <Filter>Resource Files</Filter>
    </None>
    <None Include="AnvilRendering\cursors\pan_north_west.cur">
      <Filter>Resource Files</Filter>
    </None>
    <None Include="AnvilRendering\cursors\pan_south.cur">
      <Filter>Resource Files</Filter>
    </None>
    <None Include="AnvilRendering\cursors\pan_south_east.cur">
      <Filter>Resource Files</Filter>
    </None>
    <None Include="AnvilRendering\cursors\pan_south_west.cur">
      <Filter>Resource Files</Filter>
    </None>
    <None Include="AnvilRendering\cursors\pan_west.cur">
      <Filter>Resource Files</Filter>
    </None>
    <None Include="AnvilRendering\cursors\row_resize.cur">
      <Filter>Resource Files</Filter>
    </None>
    <None Include="AnvilRendering\cursors\vertical_text.cur">
      <Filter>Resource Files</Filter>
    </None>
    <None Include="AnvilRendering\cursors\zoom_in.cur">
      <Filter>Resource Files</Filter>
    </None>
    <None Include="AnvilRendering\cursors\zoom_out.cur">
      <Filter>Resource Files</Filter>
    </None>
    <None Include="AnvilRendering\cursors\none.cur">
      <Filter>Resource Files</Filter>
    </None>
  </ItemGroup>
</Project>