<?xml version="1.0" encoding="utf-8"?>
<Project ToolsVersion="4.0" xmlns="http://schemas.microsoft.com/developer/msbuild/2003">
  <ItemGroup>
    <Filter Include="Source Files">
      <UniqueIdentifier>{4FC737F1-C7A5-4376-A066-2A32D752A2FF}</UniqueIdentifier>
      <Extensions>cpp;c;cc;cxx;def;odl;idl;hpj;bat;asm;asmx</Extensions>
    </Filter>
    <Filter Include="Header Files">
      <UniqueIdentifier>{93995380-89BD-4b04-88EB-625FBE52EBFB}</UniqueIdentifier>
      <Extensions>h;hh;hpp;hxx;hm;inl;inc;xsd</Extensions>
    </Filter>
    <Filter Include="Resource Files">
      <UniqueIdentifier>{67DA6AB6-F800-4c08-8B7A-83BB121AAD01}</UniqueIdentifier>
      <Extensions>rc;ico;cur;bmp;dlg;rc2;rct;bin;rgs;gif;jpg;jpeg;jpe;resx;tiff;tif;png;wav;mfcribbon-ms</Extensions>
    </Filter>
    <Filter Include="NVENC">
      <UniqueIdentifier>{da5ddc43-091d-4598-9e4c-e274f892a5d1}</UniqueIdentifier>
    </Filter>
    <Filter Include="WebRTC">
      <UniqueIdentifier>{24602d64-39d5-4f64-a79d-3a6dcd444d6e}</UniqueIdentifier>
    </Filter>
  </ItemGroup>
  <ItemGroup>
    <ClCompile Include="Crucible.cpp">
      <Filter>Source Files</Filter>
    </ClCompile>
    <ClCompile Include="TestWindow.cpp">
      <Filter>Source Files</Filter>
    </ClCompile>
    <ClCompile Include="AudioEncoderSelection.cpp">
      <Filter>Source Files</Filter>
    </ClCompile>
    <ClCompile Include="RemoteDisplay.cpp">
      <Filter>Source Files</Filter>
    </ClCompile>
    <ClCompile Include="FramebufferSource.cpp">
      <Filter>Source Files</Filter>
    </ClCompile>
    <ClCompile Include="ScreenshotProvider.cpp">
      <Filter>Source Files</Filter>
    </ClCompile>
    <ClCompile Include="AudioBufferSource.cpp">
      <Filter>Source Files</Filter>
    </ClCompile>
    <ClCompile Include="NVENC\Encoder.cpp">
      <Filter>NVENC</Filter>
    </ClCompile>
    <ClCompile Include="WebRTCOutput.cpp">
      <Filter>Source Files</Filter>
    </ClCompile>
    <ClCompile Include="x264.cpp">
      <Filter>WebRTC</Filter>
    </ClCompile>
  </ItemGroup>
  <ItemGroup>
    <ClInclude Include="TestWindow.h">
      <Filter>Header Files</Filter>
    </ClInclude>
    <ClInclude Include="IPC.hpp">
      <Filter>Header Files</Filter>
    </ClInclude>
    <ClInclude Include="OBSHelpers.hpp">
      <Filter>Header Files</Filter>
    </ClInclude>
    <ClInclude Include="ThreadTools.hpp">
      <Filter>Header Files</Filter>
    </ClInclude>
    <ClInclude Include="ProtectedObject.hpp">
      <Filter>Header Files</Filter>
    </ClInclude>
    <ClInclude Include="scopeguard.hpp">
      <Filter>Header Files</Filter>
    </ClInclude>
    <ClInclude Include="RemoteDisplay.h">
      <Filter>Header Files</Filter>
    </ClInclude>
    <ClInclude Include="ScreenshotProvider.h">
      <Filter>Header Files</Filter>
    </ClInclude>
    <ClInclude Include="WatchdogInfo.h">
      <Filter>Header Files</Filter>
    </ClInclude>
    <ClInclude Include="NVENC\nvEncodeAPI.h">
      <Filter>NVENC</Filter>
    </ClInclude>
    <ClInclude Include="NVENC\dynlink_cuda.h">
      <Filter>NVENC</Filter>
    </ClInclude>
  </ItemGroup>
</Project>